# THIS IS AN AUTOGENERATED FILE. DO NOT EDIT THIS FILE DIRECTLY.
# yarn lockfile v1


pkg-a@^1.0.0:
  version "1.0.0"
  resolved "https://registry.yarnpkg.com/pkg-a/-/pkg-a-1.0.0.tgz#aaa"
  integrity sha512-aaa
  dependencies:
    pkg-b "^2.0.0"

pkg-b@^2.0.0:
  version "2.0.0"
  resolved "https://registry.yarnpkg.com/pkg-b/-/pkg-b-2.0.0.tgz#bbb"
  integrity sha512-bbb

pkg-d@^3.0.0:
  version "3.0.0"
  resolved "https://registry.yarnpkg.com/pkg-d/-/pkg-d-3.0.0.tgz#ccc"
  integrity sha512-ccc
